
Microsoft Visual Studio Solution File, Format Version 12.00
# Visual Studio 14
VisualStudioVersion = 14.0.25123.0
MinimumVisualStudioVersion = 10.0.40219.1
Project("{8BC9CEB8-8B4A-11D0-8D11-00A0C91BC942}") = "InfernoEngine", "InfernoEngine\InfernoEngine.vcxproj", "{2B418FC8-1C9A-4974-91A2-F2524DAC5BB7}"
EndProject
Project("{8BC9CEB8-8B4A-11D0-8D11-00A0C91BC942}") = "TestGame", "TestGame\TestGame.vcxproj", "{546B9118-327E-4454-AA70-011EABB348C0}"
	ProjectSection(ProjectDependencies) = postProject
		{2B418FC8-1C9A-4974-91A2-F2524DAC5BB7} = {2B418FC8-1C9A-4974-91A2-F2524DAC5BB7}
	EndProjectSection
EndProject
Global
	GlobalSection(SolutionConfigurationPlatforms) = preSolution
		Debug|x64 = Debug|x64
		Debug|x86 = Debug|x86
		Release|x64 = Release|x64
		Release|x86 = Release|x86
	EndGlobalSection
	GlobalSection(ProjectConfigurationPlatforms) = postSolution
		{2B418FC8-1C9A-4974-91A2-F2524DAC5BB7}.Debug|x64.ActiveCfg = Debug|x64
		{2B418FC8-1C9A-4974-91A2-F2524DAC5BB7}.Debug|x64.Build.0 = Debug|x64
		{2B418FC8-1C9A-4974-91A2-F2524DAC5BB7}.Debug|x86.ActiveCfg = Debug|Win32
		{2B418FC8-1C9A-4974-91A2-F2524DAC5BB7}.Debug|x86.Build.0 = Debug|Win32
		{2B418FC8-1C9A-4974-91A2-F2524DAC5BB7}.Release|x64.ActiveCfg = Release|x64
		{2B418FC8-1C9A-4974-91A2-F2524DAC5BB7}.Release|x64.Build.0 = Release|x64
		{2B418FC8-1C9A-4974-91A2-F2524DAC5BB7}.Release|x86.ActiveCfg = Release|Win32
		{2B418FC8-1C9A-4974-91A2-F2524DAC5BB7}.Release|x86.Build.0 = Release|Win32
		{546B9118-327E-4454-AA70-011EABB348C0}.Debug|x64.ActiveCfg = Debug|x64
		{546B9118-327E-4454-AA70-011EABB348C0}.Debug|x64.Build.0 = Debug|x64
		{546B9118-327E-4454-AA70-011EABB348C0}.Debug|x86.ActiveCfg = Debug|Win32
		{546B9118-327E-4454-AA70-011EABB348C0}.Debug|x86.Build.0 = Debug|Win32
		{546B9118-327E-4454-AA70-011EABB348C0}.Release|x64.ActiveCfg = Release|x64
		{546B9118-327E-4454-AA70-011EABB348C0}.Release|x64.Build.0 = Release|x64
		{546B9118-327E-4454-AA70-011EABB348C0}.Release|x86.ActiveCfg = Release|Win32
		{546B9118-327E-4454-AA70-011EABB348C0}.Release|x86.Build.0 = Release|Win32
	EndGlobalSection
	GlobalSection(SolutionProperties) = preSolution
		HideSolutionNode = FALSE
	EndGlobalSection
EndGlobal
